{
  "name": "pocketmeasure",
  "version": "1.0.0",
  "lockfileVersion": 1,
  "requires": true,
  "dependencies": {
    "bindings": {
      "version": "1.5.0",
      "resolved": "https://registry.npmjs.org/bindings/-/bindings-1.5.0.tgz",
      "integrity": "sha512-p2q/t/mhvuOj/UeLlV6566GD/guowlr0hHxClI0W9m7MWYkL1F0hLo+0Aexs9HSPCtR1SXQ0TD3MMKrXZajbiQ==",
      "requires": {
        "file-uri-to-path": "1.0.0"
      }
    },
    "cli-interact": {
      "version": "0.1.9",
      "resolved": "https://registry.npmjs.org/cli-interact/-/cli-interact-0.1.9.tgz",
      "integrity": "sha1-5YroUFu/ftLhJnEFfNVZsS/c4o8=",
      "requires": {
        "readline-sync": "~0.4.9"
      }
    },
    "dxf-parser": {
      "version": "1.0.0-alpha.2",
      "resolved": "https://registry.npmjs.org/dxf-parser/-/dxf-parser-1.0.0-alpha.2.tgz",
      "integrity": "sha512-cQ7Iaxw4REjef3MqcD0ws7OyxkivUcMjAJ3kHxd9Ip9lxP41SxvIPUnr0L9HMYHxrkuUgXw2sEgWGVqL/tE26w==",
      "requires": {
        "loglevel": "^1.2.0"
      }
    },
    "dxf-writer": {
      "version": "1.8.0",
      "resolved": "https://registry.npmjs.org/dxf-writer/-/dxf-writer-1.8.0.tgz",
      "integrity": "sha512-1PeJF6ca4h9SC+hGeqYIw7i37Za14LHYblPIr2YBS+Azp26VX18GyM3AZAbghYM3bsbWt+zrzSGPeE5hTtHBig=="
    },
    "file-uri-to-path": {
      "version": "1.0.0",
      "resolved": "https://registry.npmjs.org/file-uri-to-path/-/file-uri-to-path-1.0.0.tgz",
      "integrity": "sha512-0Zt+s3L7Vf1biwWZ29aARiVYLx7iMGnEUl9x33fbB/j3jR81u/O2LbqK+Bm1CDSNDKVtJ/YjwY7TUd5SkeLQLw=="
    },
    "jquery": {
      "version": "3.5.1",
      "resolved": "https://registry.npmjs.org/jquery/-/jquery-3.5.1.tgz",
      "integrity": "sha512-XwIBPqcMn57FxfT+Go5pzySnm4KWkT1Tv7gjrpT1srtf8Weynl6R273VJ5GjkRb51IzMp5nbaPjJXMWeju2MKg=="
    },
    "loglevel": {
      "version": "1.7.1",
      "resolved": "https://registry.npmjs.org/loglevel/-/loglevel-1.7.1.tgz",
      "integrity": "sha512-Hesni4s5UkWkwCGJMQGAh71PaLUmKFM60dHvq0zi/vDhhrzuk+4GgNbTXJ12YYQJn6ZKBDNIjYcuQGKudvqrIw=="
    },
    "nan": {
      "version": "2.14.2",
      "resolved": "https://registry.npmjs.org/nan/-/nan-2.14.2.tgz",
      "integrity": "sha512-M2ufzIiINKCuDfBSAUr1vWQ+vuVcA9kqx8JJUsbQi6yf1uGRyb7HfpdfUr5qLXf3B/t8dPvcjhKMmlfnP47EzQ=="
    },
    "pigpio": {
      "version": "3.3.0",
      "resolved": "https://registry.npmjs.org/pigpio/-/pigpio-3.3.0.tgz",
      "integrity": "sha512-EeMlcgk7UuSoCz99e0DdgJyfsB54zm5N4Ppa5gu+p6TwxGrWL7fVjfTITOxueyL8HfJi20dSnJteNuJTag8PCQ==",
      "requires": {
        "bindings": "^1.5.0",
        "nan": "^2.14.2"
      }
    },
    "readline-sync": {
      "version": "0.4.10",
      "resolved": "https://registry.npmjs.org/readline-sync/-/readline-sync-0.4.10.tgz",
      "integrity": "sha1-vvA9mT7KNYX9Bk9dVtcnZ2XfwSE="
    },
    "three": {
      "version": "0.124.0",
      "resolved": "https://registry.npmjs.org/three/-/three-0.124.0.tgz",
      "integrity": "sha512-ROXp1Ly7YyF+jC910DQyAWj++Qlw2lQv0qwYLNQwdDbjk4bsOXAfGO92wYTMPNei1GMJUmCxSxc3MjGBTS09Rg=="
    },
    "three-dxf": {
      "version": "1.0.1",
      "resolved": "https://registry.npmjs.org/three-dxf/-/three-dxf-1.0.1.tgz",
      "integrity": "sha512-Fzs40X26BARpyFy90UzsHLFBpKWlKaZfVEM9L+6XhXYtS4zdwVf+1sZrYvvJrM/Xw/1M6KbJaAxp8LCnRAIYKw=="
    }
  }
}
